
Microsoft Visual Studio Solution File, Format Version 12.00
# Visual Studio Version 17
VisualStudioVersion = 17.13.35919.96 d17.13
MinimumVisualStudioVersion = 10.0.40219.1
Project("{FAE04EC0-301F-11D3-BF4B-00C04F79EFBC}") = "TakeLeaveMngSystem", "TakeLeaveMngSystem.csproj", "{AAAD37E1-F54E-4395-844D-AAC16DCC66DB}"
EndProject
Global
	GlobalSection(SolutionConfigurationPlatforms) = preSolution
		Debug|Any CPU = Debug|Any CPU
		Release|Any CPU = Release|Any CPU
	EndGlobalSection
	GlobalSection(ProjectConfigurationPlatforms) = postSolution
		{AAAD37E1-F54E-4395-844D-AAC16DCC66DB}.Debug|Any CPU.ActiveCfg = Debug|Any CPU
		{AAAD37E1-F54E-4395-844D-AAC16DCC66DB}.Debug|Any CPU.Build.0 = Debug|Any CPU
		{AAAD37E1-F54E-4395-844D-AAC16DCC66DB}.Release|Any CPU.ActiveCfg = Release|Any CPU
		{AAAD37E1-F54E-4395-844D-AAC16DCC66DB}.Release|Any CPU.Build.0 = Release|Any CPU
	EndGlobalSection
	GlobalSection(SolutionProperties) = preSolution
		HideSolutionNode = FALSE
	EndGlobalSection
	GlobalSection(ExtensibilityGlobals) = postSolution
		SolutionGuid = {0D29125B-D522-4880-B5BA-41FA83C1DFD9}
	EndGlobalSection
EndGlobal
